// !$*UTF8*$!
{
	archiveVersion = 1;
	classes = {
	};
	objectVersion = 56;
	objects = {

/* Begin PBXBuildFile section */
		90F33A512B5AAF2D00291C3E /* AppDelegate.swift in Sources */ = {isa = PBXBuildFile; fileRef = 90F33A502B5AAF2D00291C3E /* AppDelegate.swift */; };
		90F33A532B5AAF2D00291C3E /* SceneDelegate.swift in Sources */ = {isa = PBXBuildFile; fileRef = 90F33A522B5AAF2D00291C3E /* SceneDelegate.swift */; };
		90F33A5A2B5AAF3100291C3E /* Assets.xcassets in Resources */ = {isa = PBXBuildFile; fileRef = 90F33A592B5AAF3100291C3E /* Assets.xcassets */; };
		90F33A5D2B5AAF3100291C3E /* LaunchScreen.storyboard in Resources */ = {isa = PBXBuildFile; fileRef = 90F33A5B2B5AAF3100291C3E /* LaunchScreen.storyboard */; };
		90F33A662B5AB0B300291C3E /* MainTabBarViewController.swift in Sources */ = {isa = PBXBuildFile; fileRef = 90F33A652B5AB0B300291C3E /* MainTabBarViewController.swift */; };
		90F33A682B5AB8BF00291C3E /* SearchVC.swift in Sources */ = {isa = PBXBuildFile; fileRef = 90F33A672B5AB8BF00291C3E /* SearchVC.swift */; };
		90F33A6A2B5AB8ED00291C3E /* FavoritesListVC.swift in Sources */ = {isa = PBXBuildFile; fileRef = 90F33A692B5AB8ED00291C3E /* FavoritesListVC.swift */; };
		90F33A6C2B5AC22B00291C3E /* GFButton.swift in Sources */ = {isa = PBXBuildFile; fileRef = 90F33A6B2B5AC22B00291C3E /* GFButton.swift */; };
		90F33A6E2B5AF89200291C3E /* GFTextField.swift in Sources */ = {isa = PBXBuildFile; fileRef = 90F33A6D2B5AF89200291C3E /* GFTextField.swift */; };
		90F33A702B5B3B1600291C3E /* FollowersVC.swift in Sources */ = {isa = PBXBuildFile; fileRef = 90F33A6F2B5B3B1600291C3E /* FollowersVC.swift */; };
		90F33A722B5BE9CC00291C3E /* String+Ext.swift in Sources */ = {isa = PBXBuildFile; fileRef = 90F33A712B5BE9CC00291C3E /* String+Ext.swift */; };
		90F33A742B5BEAA100291C3E /* GFTitleLabel.swift in Sources */ = {isa = PBXBuildFile; fileRef = 90F33A732B5BEAA100291C3E /* GFTitleLabel.swift */; };
		90F33A762B5BEC7900291C3E /* GFBodyLabel.swift in Sources */ = {isa = PBXBuildFile; fileRef = 90F33A752B5BEC7900291C3E /* GFBodyLabel.swift */; };
		90F33A782B5BED5100291C3E /* GFAlertVC.swift in Sources */ = {isa = PBXBuildFile; fileRef = 90F33A772B5BED5100291C3E /* GFAlertVC.swift */; };
		90F33A7A2B5BF47100291C3E /* UIViewController+Ext.swift in Sources */ = {isa = PBXBuildFile; fileRef = 90F33A792B5BF47100291C3E /* UIViewController+Ext.swift */; };
		90F33A7F2B5D3B0900291C3E /* Follower.swift in Sources */ = {isa = PBXBuildFile; fileRef = 90F33A7E2B5D3B0900291C3E /* Follower.swift */; };
		90F33A812B5D3B8D00291C3E /* User.swift in Sources */ = {isa = PBXBuildFile; fileRef = 90F33A802B5D3B8D00291C3E /* User.swift */; };
		90F33A842B5D3E8100291C3E /* NetworkManager.swift in Sources */ = {isa = PBXBuildFile; fileRef = 90F33A832B5D3E8100291C3E /* NetworkManager.swift */; };
/* End PBXBuildFile section */

/* Begin PBXFileReference section */
		90F33A4D2B5AAF2D00291C3E /* GithubFollowers.app */ = {isa = PBXFileReference; explicitFileType = wrapper.application; includeInIndex = 0; path = GithubFollowers.app; sourceTree = BUILT_PRODUCTS_DIR; };
		90F33A502B5AAF2D00291C3E /* AppDelegate.swift */ = {isa = PBXFileReference; lastKnownFileType = sourcecode.swift; path = AppDelegate.swift; sourceTree = "<group>"; };
		90F33A522B5AAF2D00291C3E /* SceneDelegate.swift */ = {isa = PBXFileReference; lastKnownFileType = sourcecode.swift; path = SceneDelegate.swift; sourceTree = "<group>"; };
		90F33A592B5AAF3100291C3E /* Assets.xcassets */ = {isa = PBXFileReference; lastKnownFileType = folder.assetcatalog; path = Assets.xcassets; sourceTree = "<group>"; };
		90F33A5C2B5AAF3100291C3E /* Base */ = {isa = PBXFileReference; lastKnownFileType = file.storyboard; name = Base; path = Base.lproj/LaunchScreen.storyboard; sourceTree = "<group>"; };
		90F33A5E2B5AAF3100291C3E /* Info.plist */ = {isa = PBXFileReference; lastKnownFileType = text.plist.xml; path = Info.plist; sourceTree = "<group>"; };
		90F33A652B5AB0B300291C3E /* MainTabBarViewController.swift */ = {isa = PBXFileReference; lastKnownFileType = sourcecode.swift; path = MainTabBarViewController.swift; sourceTree = "<group>"; };
		90F33A672B5AB8BF00291C3E /* SearchVC.swift */ = {isa = PBXFileReference; lastKnownFileType = sourcecode.swift; path = SearchVC.swift; sourceTree = "<group>"; };
		90F33A692B5AB8ED00291C3E /* FavoritesListVC.swift */ = {isa = PBXFileReference; lastKnownFileType = sourcecode.swift; path = FavoritesListVC.swift; sourceTree = "<group>"; };
		90F33A6B2B5AC22B00291C3E /* GFButton.swift */ = {isa = PBXFileReference; lastKnownFileType = sourcecode.swift; path = GFButton.swift; sourceTree = "<group>"; };
		90F33A6D2B5AF89200291C3E /* GFTextField.swift */ = {isa = PBXFileReference; lastKnownFileType = sourcecode.swift; path = GFTextField.swift; sourceTree = "<group>"; };
		90F33A6F2B5B3B1600291C3E /* FollowersVC.swift */ = {isa = PBXFileReference; lastKnownFileType = sourcecode.swift; path = FollowersVC.swift; sourceTree = "<group>"; };
		90F33A712B5BE9CC00291C3E /* String+Ext.swift */ = {isa = PBXFileReference; fileEncoding = 4; lastKnownFileType = sourcecode.swift; path = "String+Ext.swift"; sourceTree = "<group>"; };
		90F33A732B5BEAA100291C3E /* GFTitleLabel.swift */ = {isa = PBXFileReference; lastKnownFileType = sourcecode.swift; path = GFTitleLabel.swift; sourceTree = "<group>"; };
		90F33A752B5BEC7900291C3E /* GFBodyLabel.swift */ = {isa = PBXFileReference; lastKnownFileType = sourcecode.swift; path = GFBodyLabel.swift; sourceTree = "<group>"; };
		90F33A772B5BED5100291C3E /* GFAlertVC.swift */ = {isa = PBXFileReference; lastKnownFileType = sourcecode.swift; path = GFAlertVC.swift; sourceTree = "<group>"; };
		90F33A792B5BF47100291C3E /* UIViewController+Ext.swift */ = {isa = PBXFileReference; lastKnownFileType = sourcecode.swift; path = "UIViewController+Ext.swift"; sourceTree = "<group>"; };
		90F33A7E2B5D3B0900291C3E /* Follower.swift */ = {isa = PBXFileReference; lastKnownFileType = sourcecode.swift; path = Follower.swift; sourceTree = "<group>"; };
		90F33A802B5D3B8D00291C3E /* User.swift */ = {isa = PBXFileReference; lastKnownFileType = sourcecode.swift; path = User.swift; sourceTree = "<group>"; };
		90F33A832B5D3E8100291C3E /* NetworkManager.swift */ = {isa = PBXFileReference; lastKnownFileType = sourcecode.swift; path = NetworkManager.swift; sourceTree = "<group>"; };
/* End PBXFileReference section */

/* Begin PBXFrameworksBuildPhase section */
		90F33A4A2B5AAF2D00291C3E /* Frameworks */ = {
			isa = PBXFrameworksBuildPhase;
			buildActionMask = 2147483647;
			files = (
			);
			runOnlyForDeploymentPostprocessing = 0;
		};
/* End PBXFrameworksBuildPhase section */

/* Begin PBXGroup section */
		90F33A442B5AAF2D00291C3E = {
			isa = PBXGroup;
			children = (
				90F33A4F2B5AAF2D00291C3E /* GithubFollowers */,
				90F33A4E2B5AAF2D00291C3E /* Products */,
			);
			sourceTree = "<group>";
		};
		90F33A4E2B5AAF2D00291C3E /* Products */ = {
			isa = PBXGroup;
			children = (
				90F33A4D2B5AAF2D00291C3E /* GithubFollowers.app */,
			);
			name = Products;
			sourceTree = "<group>";
		};
		90F33A4F2B5AAF2D00291C3E /* GithubFollowers */ = {
			isa = PBXGroup;
			children = (
				90F33A822B5D3E6D00291C3E /* Managers */,
				90F33A7D2B5C022C00291C3E /* Models */,
				90F33A7C2B5C01BC00291C3E /* Extensions */,
				90F33A7B2B5C014200291C3E /* Screens */,
				90F33A642B5AB05E00291C3E /* Custom Views */,
				90F33A502B5AAF2D00291C3E /* AppDelegate.swift */,
				90F33A522B5AAF2D00291C3E /* SceneDelegate.swift */,
				90F33A592B5AAF3100291C3E /* Assets.xcassets */,
				90F33A5B2B5AAF3100291C3E /* LaunchScreen.storyboard */,
				90F33A5E2B5AAF3100291C3E /* Info.plist */,
			);
			path = GithubFollowers;
			sourceTree = "<group>";
		};
		90F33A642B5AB05E00291C3E /* Custom Views */ = {
			isa = PBXGroup;
			children = (
				90F33A752B5BEC7900291C3E /* GFBodyLabel.swift */,
				90F33A772B5BED5100291C3E /* GFAlertVC.swift */,
				90F33A6D2B5AF89200291C3E /* GFTextField.swift */,
				90F33A6B2B5AC22B00291C3E /* GFButton.swift */,
				90F33A732B5BEAA100291C3E /* GFTitleLabel.swift */,
			);
			path = "Custom Views";
			sourceTree = "<group>";
		};
		90F33A7B2B5C014200291C3E /* Screens */ = {
			isa = PBXGroup;
			children = (
				90F33A672B5AB8BF00291C3E /* SearchVC.swift */,
				90F33A6F2B5B3B1600291C3E /* FollowersVC.swift */,
				90F33A692B5AB8ED00291C3E /* FavoritesListVC.swift */,
				90F33A652B5AB0B300291C3E /* MainTabBarViewController.swift */,
			);
			path = Screens;
			sourceTree = "<group>";
		};
		90F33A7C2B5C01BC00291C3E /* Extensions */ = {
			isa = PBXGroup;
			children = (
				90F33A712B5BE9CC00291C3E /* String+Ext.swift */,
				90F33A792B5BF47100291C3E /* UIViewController+Ext.swift */,
			);
			path = Extensions;
			sourceTree = "<group>";
		};
		90F33A7D2B5C022C00291C3E /* Models */ = {
			isa = PBXGroup;
			children = (
				90F33A7E2B5D3B0900291C3E /* Follower.swift */,
				90F33A802B5D3B8D00291C3E /* User.swift */,
			);
			path = Models;
			sourceTree = "<group>";
		};
		90F33A822B5D3E6D00291C3E /* Managers */ = {
			isa = PBXGroup;
			children = (
				90F33A832B5D3E8100291C3E /* NetworkManager.swift */,
			);
			path = Managers;
			sourceTree = "<group>";
		};
/* End PBXGroup section */

/* Begin PBXNativeTarget section */
		90F33A4C2B5AAF2D00291C3E /* GithubFollowers */ = {
			isa = PBXNativeTarget;
			buildConfigurationList = 90F33A612B5AAF3100291C3E /* Build configuration list for PBXNativeTarget "GithubFollowers" */;
			buildPhases = (
				90F33A492B5AAF2D00291C3E /* Sources */,
				90F33A4A2B5AAF2D00291C3E /* Frameworks */,
				90F33A4B2B5AAF2D00291C3E /* Resources */,
			);
			buildRules = (
			);
			dependencies = (
			);
			name = GithubFollowers;
			productName = GithubFollowers;
			productReference = 90F33A4D2B5AAF2D00291C3E /* GithubFollowers.app */;
			productType = "com.apple.product-type.application";
		};
/* End PBXNativeTarget section */

/* Begin PBXProject section */
		90F33A452B5AAF2D00291C3E /* Project object */ = {
			isa = PBXProject;
			attributes = {
				BuildIndependentTargetsInParallel = 1;
				LastSwiftUpdateCheck = 1510;
				LastUpgradeCheck = 1510;
				TargetAttributes = {
					90F33A4C2B5AAF2D00291C3E = {
						CreatedOnToolsVersion = 15.1;
					};
				};
			};
			buildConfigurationList = 90F33A482B5AAF2D00291C3E /* Build configuration list for PBXProject "GithubFollowers" */;
			compatibilityVersion = "Xcode 14.0";
			developmentRegion = en;
			hasScannedForEncodings = 0;
			knownRegions = (
				en,
				Base,
			);
			mainGroup = 90F33A442B5AAF2D00291C3E;
			productRefGroup = 90F33A4E2B5AAF2D00291C3E /* Products */;
			projectDirPath = "";
			projectRoot = "";
			targets = (
				90F33A4C2B5AAF2D00291C3E /* GithubFollowers */,
			);
		};
/* End PBXProject section */

/* Begin PBXResourcesBuildPhase section */
		90F33A4B2B5AAF2D00291C3E /* Resources */ = {
			isa = PBXResourcesBuildPhase;
			buildActionMask = 2147483647;
			files = (
				90F33A5D2B5AAF3100291C3E /* LaunchScreen.storyboard in Resources */,
				90F33A5A2B5AAF3100291C3E /* Assets.xcassets in Resources */,
			);
			runOnlyForDeploymentPostprocessing = 0;
		};
/* End PBXResourcesBuildPhase section */

/* Begin PBXSourcesBuildPhase section */
		90F33A492B5AAF2D00291C3E /* Sources */ = {
			isa = PBXSourcesBuildPhase;
			buildActionMask = 2147483647;
			files = (
				90F33A6A2B5AB8ED00291C3E /* FavoritesListVC.swift in Sources */,
				90F33A7F2B5D3B0900291C3E /* Follower.swift in Sources */,
				90F33A7A2B5BF47100291C3E /* UIViewController+Ext.swift in Sources */,
				90F33A6E2B5AF89200291C3E /* GFTextField.swift in Sources */,
				90F33A842B5D3E8100291C3E /* NetworkManager.swift in Sources */,
				90F33A742B5BEAA100291C3E /* GFTitleLabel.swift in Sources */,
				90F33A682B5AB8BF00291C3E /* SearchVC.swift in Sources */,
				90F33A6C2B5AC22B00291C3E /* GFButton.swift in Sources */,
				90F33A702B5B3B1600291C3E /* FollowersVC.swift in Sources */,
				90F33A782B5BED5100291C3E /* GFAlertVC.swift in Sources */,
				90F33A762B5BEC7900291C3E /* GFBodyLabel.swift in Sources */,
				90F33A812B5D3B8D00291C3E /* User.swift in Sources */,
				90F33A662B5AB0B300291C3E /* MainTabBarViewController.swift in Sources */,
				90F33A512B5AAF2D00291C3E /* AppDelegate.swift in Sources */,
				90F33A722B5BE9CC00291C3E /* String+Ext.swift in Sources */,
				90F33A532B5AAF2D00291C3E /* SceneDelegate.swift in Sources */,
			);
			runOnlyForDeploymentPostprocessing = 0;
		};
/* End PBXSourcesBuildPhase section */

/* Begin PBXVariantGroup section */
		90F33A5B2B5AAF3100291C3E /* LaunchScreen.storyboard */ = {
			isa = PBXVariantGroup;
			children = (
				90F33A5C2B5AAF3100291C3E /* Base */,
			);
			name = LaunchScreen.storyboard;
			sourceTree = "<group>";
		};
/* End PBXVariantGroup section */

/* Begin XCBuildConfiguration section */
		90F33A5F2B5AAF3100291C3E /* Debug */ = {
			isa = XCBuildConfiguration;
			buildSettings = {
				ALWAYS_SEARCH_USER_PATHS = NO;
				ASSETCATALOG_COMPILER_GENERATE_SWIFT_ASSET_SYMBOL_EXTENSIONS = YES;
				CLANG_ANALYZER_NONNULL = YES;
				CLANG_ANALYZER_NUMBER_OBJECT_CONVERSION = YES_AGGRESSIVE;
				CLANG_CXX_LANGUAGE_STANDARD = "gnu++20";
				CLANG_ENABLE_MODULES = YES;
				CLANG_ENABLE_OBJC_ARC = YES;
				CLANG_ENABLE_OBJC_WEAK = YES;
				CLANG_WARN_BLOCK_CAPTURE_AUTORELEASING = YES;
				CLANG_WARN_BOOL_CONVERSION = YES;
				CLANG_WARN_COMMA = YES;
				CLANG_WARN_CONSTANT_CONVERSION = YES;
				CLANG_WARN_DEPRECATED_OBJC_IMPLEMENTATIONS = YES;
				CLANG_WARN_DIRECT_OBJC_ISA_USAGE = YES_ERROR;
				CLANG_WARN_DOCUMENTATION_COMMENTS = YES;
				CLANG_WARN_EMPTY_BODY = YES;
				CLANG_WARN_ENUM_CONVERSION = YES;
				CLANG_WARN_INFINITE_RECURSION = YES;
				CLANG_WARN_INT_CONVERSION = YES;
				CLANG_WARN_NON_LITERAL_NULL_CONVERSION = YES;
				CLANG_WARN_OBJC_IMPLICIT_RETAIN_SELF = YES;
				CLANG_WARN_OBJC_LITERAL_CONVERSION = YES;
				CLANG_WARN_OBJC_ROOT_CLASS = YES_ERROR;
				CLANG_WARN_QUOTED_INCLUDE_IN_FRAMEWORK_HEADER = YES;
				CLANG_WARN_RANGE_LOOP_ANALYSIS = YES;
				CLANG_WARN_STRICT_PROTOTYPES = YES;
				CLANG_WARN_SUSPICIOUS_MOVE = YES;
				CLANG_WARN_UNGUARDED_AVAILABILITY = YES_AGGRESSIVE;
				CLANG_WARN_UNREACHABLE_CODE = YES;
				CLANG_WARN__DUPLICATE_METHOD_MATCH = YES;
				COPY_PHASE_STRIP = NO;
				DEBUG_INFORMATION_FORMAT = dwarf;
				ENABLE_STRICT_OBJC_MSGSEND = YES;
				ENABLE_TESTABILITY = YES;
				ENABLE_USER_SCRIPT_SANDBOXING = YES;
				GCC_C_LANGUAGE_STANDARD = gnu17;
				GCC_DYNAMIC_NO_PIC = NO;
				GCC_NO_COMMON_BLOCKS = YES;
				GCC_OPTIMIZATION_LEVEL = 0;
				GCC_PREPROCESSOR_DEFINITIONS = (
					"DEBUG=1",
					"$(inherited)",
				);
				GCC_WARN_64_TO_32_BIT_CONVERSION = YES;
				GCC_WARN_ABOUT_RETURN_TYPE = YES_ERROR;
				GCC_WARN_UNDECLARED_SELECTOR = YES;
				GCC_WARN_UNINITIALIZED_AUTOS = YES_AGGRESSIVE;
				GCC_WARN_UNUSED_FUNCTION = YES;
				GCC_WARN_UNUSED_VARIABLE = YES;
				IPHONEOS_DEPLOYMENT_TARGET = 17.2;
				LOCALIZATION_PREFERS_STRING_CATALOGS = YES;
				MTL_ENABLE_DEBUG_INFO = INCLUDE_SOURCE;
				MTL_FAST_MATH = YES;
				ONLY_ACTIVE_ARCH = YES;
				SDKROOT = iphoneos;
				SWIFT_ACTIVE_COMPILATION_CONDITIONS = "DEBUG $(inherited)";
				SWIFT_OPTIMIZATION_LEVEL = "-Onone";
			};
			name = Debug;
		};
		90F33A602B5AAF3100291C3E /* Release */ = {
			isa = XCBuildConfiguration;
			buildSettings = {
				ALWAYS_SEARCH_USER_PATHS = NO;
				ASSETCATALOG_COMPILER_GENERATE_SWIFT_ASSET_SYMBOL_EXTENSIONS = YES;
				CLANG_ANALYZER_NONNULL = YES;
				CLANG_ANALYZER_NUMBER_OBJECT_CONVERSION = YES_AGGRESSIVE;
				CLANG_CXX_LANGUAGE_STANDARD = "gnu++20";
				CLANG_ENABLE_MODULES = YES;
				CLANG_ENABLE_OBJC_ARC = YES;
				CLANG_ENABLE_OBJC_WEAK = YES;
				CLANG_WARN_BLOCK_CAPTURE_AUTORELEASING = YES;
				CLANG_WARN_BOOL_CONVERSION = YES;
				CLANG_WARN_COMMA = YES;
				CLANG_WARN_CONSTANT_CONVERSION = YES;
				CLANG_WARN_DEPRECATED_OBJC_IMPLEMENTATIONS = YES;
				CLANG_WARN_DIRECT_OBJC_ISA_USAGE = YES_ERROR;
				CLANG_WARN_DOCUMENTATION_COMMENTS = YES;
				CLANG_WARN_EMPTY_BODY = YES;
				CLANG_WARN_ENUM_CONVERSION = YES;
				CLANG_WARN_INFINITE_RECURSION = YES;
				CLANG_WARN_INT_CONVERSION = YES;
				CLANG_WARN_NON_LITERAL_NULL_CONVERSION = YES;
				CLANG_WARN_OBJC_IMPLICIT_RETAIN_SELF = YES;
				CLANG_WARN_OBJC_LITERAL_CONVERSION = YES;
				CLANG_WARN_OBJC_ROOT_CLASS = YES_ERROR;
				CLANG_WARN_QUOTED_INCLUDE_IN_FRAMEWORK_HEADER = YES;
				CLANG_WARN_RANGE_LOOP_ANALYSIS = YES;
				CLANG_WARN_STRICT_PROTOTYPES = YES;
				CLANG_WARN_SUSPICIOUS_MOVE = YES;
				CLANG_WARN_UNGUARDED_AVAILABILITY = YES_AGGRESSIVE;
				CLANG_WARN_UNREACHABLE_CODE = YES;
				CLANG_WARN__DUPLICATE_METHOD_MATCH = YES;
				COPY_PHASE_STRIP = NO;
				DEBUG_INFORMATION_FORMAT = "dwarf-with-dsym";
				ENABLE_NS_ASSERTIONS = NO;
				ENABLE_STRICT_OBJC_MSGSEND = YES;
				ENABLE_USER_SCRIPT_SANDBOXING = YES;
				GCC_C_LANGUAGE_STANDARD = gnu17;
				GCC_NO_COMMON_BLOCKS = YES;
				GCC_WARN_64_TO_32_BIT_CONVERSION = YES;
				GCC_WARN_ABOUT_RETURN_TYPE = YES_ERROR;
				GCC_WARN_UNDECLARED_SELECTOR = YES;
				GCC_WARN_UNINITIALIZED_AUTOS = YES_AGGRESSIVE;
				GCC_WARN_UNUSED_FUNCTION = YES;
				GCC_WARN_UNUSED_VARIABLE = YES;
				IPHONEOS_DEPLOYMENT_TARGET = 17.2;
				LOCALIZATION_PREFERS_STRING_CATALOGS = YES;
				MTL_ENABLE_DEBUG_INFO = NO;
				MTL_FAST_MATH = YES;
				SDKROOT = iphoneos;
				SWIFT_COMPILATION_MODE = wholemodule;
				VALIDATE_PRODUCT = YES;
			};
			name = Release;
		};
		90F33A622B5AAF3100291C3E /* Debug */ = {
			isa = XCBuildConfiguration;
			buildSettings = {
				ASSETCATALOG_COMPILER_APPICON_NAME = AppIcon;
				ASSETCATALOG_COMPILER_GLOBAL_ACCENT_COLOR_NAME = AccentColor;
				CODE_SIGN_STYLE = Automatic;
				CURRENT_PROJECT_VERSION = 1;
				DEVELOPMENT_TEAM = UW878LH57L;
				GENERATE_INFOPLIST_FILE = YES;
				INFOPLIST_FILE = GithubFollowers/Info.plist;
				INFOPLIST_KEY_UIApplicationSupportsIndirectInputEvents = YES;
				INFOPLIST_KEY_UILaunchStoryboardName = LaunchScreen;
				INFOPLIST_KEY_UISupportedInterfaceOrientations = UIInterfaceOrientationPortrait;
				LD_RUNPATH_SEARCH_PATHS = (
					"$(inherited)",
					"@executable_path/Frameworks",
				);
				MARKETING_VERSION = 1.0;
				PRODUCT_BUNDLE_IDENTIFIER = leonelmeque.GithubFollowers;
				PRODUCT_NAME = "$(TARGET_NAME)";
				SWIFT_EMIT_LOC_STRINGS = YES;
				SWIFT_VERSION = 5.0;
				TARGETED_DEVICE_FAMILY = "1,2";
			};
			name = Debug;
		};
		90F33A632B5AAF3100291C3E /* Release */ = {
			isa = XCBuildConfiguration;
			buildSettings = {
				ASSETCATALOG_COMPILER_APPICON_NAME = AppIcon;
				ASSETCATALOG_COMPILER_GLOBAL_ACCENT_COLOR_NAME = AccentColor;
				CODE_SIGN_STYLE = Automatic;
				CURRENT_PROJECT_VERSION = 1;
				DEVELOPMENT_TEAM = UW878LH57L;
				GENERATE_INFOPLIST_FILE = YES;
				INFOPLIST_FILE = GithubFollowers/Info.plist;
				INFOPLIST_KEY_UIApplicationSupportsIndirectInputEvents = YES;
				INFOPLIST_KEY_UILaunchStoryboardName = LaunchScreen;
				INFOPLIST_KEY_UISupportedInterfaceOrientations = UIInterfaceOrientationPortrait;
				LD_RUNPATH_SEARCH_PATHS = (
					"$(inherited)",
					"@executable_path/Frameworks",
				);
				MARKETING_VERSION = 1.0;
				PRODUCT_BUNDLE_IDENTIFIER = leonelmeque.GithubFollowers;
				PRODUCT_NAME = "$(TARGET_NAME)";
				SWIFT_EMIT_LOC_STRINGS = YES;
				SWIFT_VERSION = 5.0;
				TARGETED_DEVICE_FAMILY = "1,2";
			};
			name = Release;
		};
/* End XCBuildConfiguration section */

/* Begin XCConfigurationList section */
		90F33A482B5AAF2D00291C3E /* Build configuration list for PBXProject "GithubFollowers" */ = {
			isa = XCConfigurationList;
			buildConfigurations = (
				90F33A5F2B5AAF3100291C3E /* Debug */,
				90F33A602B5AAF3100291C3E /* Release */,
			);
			defaultConfigurationIsVisible = 0;
			defaultConfigurationName = Release;
		};
		90F33A612B5AAF3100291C3E /* Build configuration list for PBXNativeTarget "GithubFollowers" */ = {
			isa = XCConfigurationList;
			buildConfigurations = (
				90F33A622B5AAF3100291C3E /* Debug */,
				90F33A632B5AAF3100291C3E /* Release */,
			);
			defaultConfigurationIsVisible = 0;
			defaultConfigurationName = Release;
		};
/* End XCConfigurationList section */
	};
	rootObject = 90F33A452B5AAF2D00291C3E /* Project object */;
}
